
Microsoft Visual Studio Solution File, Format Version 12.00
# Visual Studio Version 17
VisualStudioVersion = 17.8.0.0
MinimumVisualStudioVersion = 17.8.0.0
Project("{9A19103F-16F7-4668-BE54-9A1E7A4F7556}") = "ExternalHttp.AppHost", "ExternalHttp.AppHost\ExternalHttp.AppHost.csproj", "{837C0D5C-6F10-431B-9FFC-42DE9590D919}"
EndProject
Project("{9A19103F-16F7-4668-BE54-9A1E7A4F7556}") = "ExternalHttp.ServiceDefaults", "ExternalHttp.ServiceDefaults\ExternalHttp.ServiceDefaults.csproj", "{CF57DE3A-C6FD-40CB-8FED-C249B33C1FEC}"
EndProject
Project("{9A19103F-16F7-4668-BE54-9A1E7A4F7556}") = "ExternalHttp.Web", "ExternalHttp.Web\ExternalHttp.Web.csproj", "{EA6D10A3-F8A2-4DA7-AF53-2213CC312BA2}"
EndProject
Project("{FAE04EC0-301F-11D3-BF4B-00C04F79EFBC}") = "ExternalHttp.UnsplashMock", "ExternalHttp.UnsplashMock\ExternalHttp.UnsplashMock.csproj", "{B102F2CC-5FBB-4D32-99BC-DA0A192E5FE9}"
EndProject
Project("{FAE04EC0-301F-11D3-BF4B-00C04F79EFBC}") = "ExternalHttp.Hosting", "ExternalHttp.Hosting\ExternalHttp.Hosting.csproj", "{41713DF9-984F-4BBD-87F4-BC412BF946E4}"
EndProject
Project("{FAE04EC0-301F-11D3-BF4B-00C04F79EFBC}") = "ExternalHttp.IntegrationAppHost", "ExternalHttp.IntegrationAppHost\ExternalHttp.IntegrationAppHost.csproj", "{E77007E3-F1E0-4EF0-86DE-C236F0B37E1B}"
EndProject
Global
	GlobalSection(SolutionConfigurationPlatforms) = preSolution
		Debug|Any CPU = Debug|Any CPU
		Debug|x64 = Debug|x64
		Debug|x86 = Debug|x86
		Release|Any CPU = Release|Any CPU
		Release|x64 = Release|x64
		Release|x86 = Release|x86
	EndGlobalSection
	GlobalSection(ProjectConfigurationPlatforms) = postSolution
		{837C0D5C-6F10-431B-9FFC-42DE9590D919}.Debug|Any CPU.ActiveCfg = Debug|Any CPU
		{837C0D5C-6F10-431B-9FFC-42DE9590D919}.Debug|Any CPU.Build.0 = Debug|Any CPU
		{837C0D5C-6F10-431B-9FFC-42DE9590D919}.Debug|x64.ActiveCfg = Debug|Any CPU
		{837C0D5C-6F10-431B-9FFC-42DE9590D919}.Debug|x64.Build.0 = Debug|Any CPU
		{837C0D5C-6F10-431B-9FFC-42DE9590D919}.Debug|x86.ActiveCfg = Debug|Any CPU
		{837C0D5C-6F10-431B-9FFC-42DE9590D919}.Debug|x86.Build.0 = Debug|Any CPU
		{837C0D5C-6F10-431B-9FFC-42DE9590D919}.Release|Any CPU.ActiveCfg = Release|Any CPU
		{837C0D5C-6F10-431B-9FFC-42DE9590D919}.Release|Any CPU.Build.0 = Release|Any CPU
		{837C0D5C-6F10-431B-9FFC-42DE9590D919}.Release|x64.ActiveCfg = Release|Any CPU
		{837C0D5C-6F10-431B-9FFC-42DE9590D919}.Release|x64.Build.0 = Release|Any CPU
		{837C0D5C-6F10-431B-9FFC-42DE9590D919}.Release|x86.ActiveCfg = Release|Any CPU
		{837C0D5C-6F10-431B-9FFC-42DE9590D919}.Release|x86.Build.0 = Release|Any CPU
		{CF57DE3A-C6FD-40CB-8FED-C249B33C1FEC}.Debug|Any CPU.ActiveCfg = Debug|Any CPU
		{CF57DE3A-C6FD-40CB-8FED-C249B33C1FEC}.Debug|Any CPU.Build.0 = Debug|Any CPU
		{CF57DE3A-C6FD-40CB-8FED-C249B33C1FEC}.Debug|x64.ActiveCfg = Debug|Any CPU
		{CF57DE3A-C6FD-40CB-8FED-C249B33C1FEC}.Debug|x64.Build.0 = Debug|Any CPU
		{CF57DE3A-C6FD-40CB-8FED-C249B33C1FEC}.Debug|x86.ActiveCfg = Debug|Any CPU
		{CF57DE3A-C6FD-40CB-8FED-C249B33C1FEC}.Debug|x86.Build.0 = Debug|Any CPU
		{CF57DE3A-C6FD-40CB-8FED-C249B33C1FEC}.Release|Any CPU.ActiveCfg = Release|Any CPU
		{CF57DE3A-C6FD-40CB-8FED-C249B33C1FEC}.Release|Any CPU.Build.0 = Release|Any CPU
		{CF57DE3A-C6FD-40CB-8FED-C249B33C1FEC}.Release|x64.ActiveCfg = Release|Any CPU
		{CF57DE3A-C6FD-40CB-8FED-C249B33C1FEC}.Release|x64.Build.0 = Release|Any CPU
		{CF57DE3A-C6FD-40CB-8FED-C249B33C1FEC}.Release|x86.ActiveCfg = Release|Any CPU
		{CF57DE3A-C6FD-40CB-8FED-C249B33C1FEC}.Release|x86.Build.0 = Release|Any CPU
		{EA6D10A3-F8A2-4DA7-AF53-2213CC312BA2}.Debug|Any CPU.ActiveCfg = Debug|Any CPU
		{EA6D10A3-F8A2-4DA7-AF53-2213CC312BA2}.Debug|Any CPU.Build.0 = Debug|Any CPU
		{EA6D10A3-F8A2-4DA7-AF53-2213CC312BA2}.Debug|x64.ActiveCfg = Debug|Any CPU
		{EA6D10A3-F8A2-4DA7-AF53-2213CC312BA2}.Debug|x64.Build.0 = Debug|Any CPU
		{EA6D10A3-F8A2-4DA7-AF53-2213CC312BA2}.Debug|x86.ActiveCfg = Debug|Any CPU
		{EA6D10A3-F8A2-4DA7-AF53-2213CC312BA2}.Debug|x86.Build.0 = Debug|Any CPU
		{EA6D10A3-F8A2-4DA7-AF53-2213CC312BA2}.Release|Any CPU.ActiveCfg = Release|Any CPU
		{EA6D10A3-F8A2-4DA7-AF53-2213CC312BA2}.Release|Any CPU.Build.0 = Release|Any CPU
		{EA6D10A3-F8A2-4DA7-AF53-2213CC312BA2}.Release|x64.ActiveCfg = Release|Any CPU
		{EA6D10A3-F8A2-4DA7-AF53-2213CC312BA2}.Release|x64.Build.0 = Release|Any CPU
		{EA6D10A3-F8A2-4DA7-AF53-2213CC312BA2}.Release|x86.ActiveCfg = Release|Any CPU
		{EA6D10A3-F8A2-4DA7-AF53-2213CC312BA2}.Release|x86.Build.0 = Release|Any CPU
		{B102F2CC-5FBB-4D32-99BC-DA0A192E5FE9}.Debug|Any CPU.ActiveCfg = Debug|Any CPU
		{B102F2CC-5FBB-4D32-99BC-DA0A192E5FE9}.Debug|Any CPU.Build.0 = Debug|Any CPU
		{B102F2CC-5FBB-4D32-99BC-DA0A192E5FE9}.Debug|x64.ActiveCfg = Debug|Any CPU
		{B102F2CC-5FBB-4D32-99BC-DA0A192E5FE9}.Debug|x64.Build.0 = Debug|Any CPU
		{B102F2CC-5FBB-4D32-99BC-DA0A192E5FE9}.Debug|x86.ActiveCfg = Debug|Any CPU
		{B102F2CC-5FBB-4D32-99BC-DA0A192E5FE9}.Debug|x86.Build.0 = Debug|Any CPU
		{B102F2CC-5FBB-4D32-99BC-DA0A192E5FE9}.Release|Any CPU.ActiveCfg = Release|Any CPU
		{B102F2CC-5FBB-4D32-99BC-DA0A192E5FE9}.Release|Any CPU.Build.0 = Release|Any CPU
		{B102F2CC-5FBB-4D32-99BC-DA0A192E5FE9}.Release|x64.ActiveCfg = Release|Any CPU
		{B102F2CC-5FBB-4D32-99BC-DA0A192E5FE9}.Release|x64.Build.0 = Release|Any CPU
		{B102F2CC-5FBB-4D32-99BC-DA0A192E5FE9}.Release|x86.ActiveCfg = Release|Any CPU
		{B102F2CC-5FBB-4D32-99BC-DA0A192E5FE9}.Release|x86.Build.0 = Release|Any CPU
		{41713DF9-984F-4BBD-87F4-BC412BF946E4}.Debug|Any CPU.ActiveCfg = Debug|Any CPU
		{41713DF9-984F-4BBD-87F4-BC412BF946E4}.Debug|Any CPU.Build.0 = Debug|Any CPU
		{41713DF9-984F-4BBD-87F4-BC412BF946E4}.Debug|x64.ActiveCfg = Debug|Any CPU
		{41713DF9-984F-4BBD-87F4-BC412BF946E4}.Debug|x64.Build.0 = Debug|Any CPU
		{41713DF9-984F-4BBD-87F4-BC412BF946E4}.Debug|x86.ActiveCfg = Debug|Any CPU
		{41713DF9-984F-4BBD-87F4-BC412BF946E4}.Debug|x86.Build.0 = Debug|Any CPU
		{41713DF9-984F-4BBD-87F4-BC412BF946E4}.Release|Any CPU.ActiveCfg = Release|Any CPU
		{41713DF9-984F-4BBD-87F4-BC412BF946E4}.Release|Any CPU.Build.0 = Release|Any CPU
		{41713DF9-984F-4BBD-87F4-BC412BF946E4}.Release|x64.ActiveCfg = Release|Any CPU
		{41713DF9-984F-4BBD-87F4-BC412BF946E4}.Release|x64.Build.0 = Release|Any CPU
		{41713DF9-984F-4BBD-87F4-BC412BF946E4}.Release|x86.ActiveCfg = Release|Any CPU
		{41713DF9-984F-4BBD-87F4-BC412BF946E4}.Release|x86.Build.0 = Release|Any CPU
		{E77007E3-F1E0-4EF0-86DE-C236F0B37E1B}.Debug|Any CPU.ActiveCfg = Debug|Any CPU
		{E77007E3-F1E0-4EF0-86DE-C236F0B37E1B}.Debug|Any CPU.Build.0 = Debug|Any CPU
		{E77007E3-F1E0-4EF0-86DE-C236F0B37E1B}.Debug|x64.ActiveCfg = Debug|Any CPU
		{E77007E3-F1E0-4EF0-86DE-C236F0B37E1B}.Debug|x64.Build.0 = Debug|Any CPU
		{E77007E3-F1E0-4EF0-86DE-C236F0B37E1B}.Debug|x86.ActiveCfg = Debug|Any CPU
		{E77007E3-F1E0-4EF0-86DE-C236F0B37E1B}.Debug|x86.Build.0 = Debug|Any CPU
		{E77007E3-F1E0-4EF0-86DE-C236F0B37E1B}.Release|Any CPU.ActiveCfg = Release|Any CPU
		{E77007E3-F1E0-4EF0-86DE-C236F0B37E1B}.Release|Any CPU.Build.0 = Release|Any CPU
		{E77007E3-F1E0-4EF0-86DE-C236F0B37E1B}.Release|x64.ActiveCfg = Release|Any CPU
		{E77007E3-F1E0-4EF0-86DE-C236F0B37E1B}.Release|x64.Build.0 = Release|Any CPU
		{E77007E3-F1E0-4EF0-86DE-C236F0B37E1B}.Release|x86.ActiveCfg = Release|Any CPU
		{E77007E3-F1E0-4EF0-86DE-C236F0B37E1B}.Release|x86.Build.0 = Release|Any CPU
	EndGlobalSection
	GlobalSection(SolutionProperties) = preSolution
		HideSolutionNode = FALSE
	EndGlobalSection
	GlobalSection(ExtensibilityGlobals) = postSolution
		SolutionGuid = {C6F554D4-3C96-47B3-A1E7-F94342119DFE}
	EndGlobalSection
EndGlobal
